PODS:
  - Capacitor (8.4.0):
    - CapacitorCordova
  - CapacitorCamera (8.2.0):
    - Capacitor
    - IONCameraLib (~> 1.0.4)
  - CapacitorCordova (8.4.0)
  - CapacitorGeolocation (8.2.0):
    - Capacitor
    - IONGeolocationLib (= 2.1.0)
  - IONCameraLib (1.0.4)
  - IONGeolocationLib (2.1.0)
  - OnDeviceVision (0.0.1):
    - Capacitor

DEPENDENCIES:
  - "Capacitor (from `../../node_modules/@capacitor/ios`)"
  - "CapacitorCamera (from `../../node_modules/@capacitor/camera`)"
  - "CapacitorCordova (from `../../node_modules/@capacitor/ios`)"
  - "CapacitorGeolocation (from `../../node_modules/@capacitor/geolocation`)"
  - OnDeviceVision (from `../../plugins/on-device-vision`)

SPEC REPOS:
  trunk:
    - IONCameraLib
    - IONGeolocationLib

EXTERNAL SOURCES:
  Capacitor:
    :path: "../../node_modules/@capacitor/ios"
  CapacitorCamera:
    :path: "../../node_modules/@capacitor/camera"
  CapacitorCordova:
    :path: "../../node_modules/@capacitor/ios"
  CapacitorGeolocation:
    :path: "../../node_modules/@capacitor/geolocation"
  OnDeviceVision:
    :path: "../../plugins/on-device-vision"

SPEC CHECKSUMS:
  Capacitor: 75bd117ba037a51bb0f19ded32c67f4b3bc16600
  CapacitorCamera: 8f6acf83664118321111e76acef86390211ccb08
  CapacitorCordova: 71d81f350e6c30bf2a846593b5c480fbd68e9bac
  CapacitorGeolocation: b36f6287bfc9f2eefa04dc900496f2c8ae666136
  IONCameraLib: f2349804460bd9e3f892e42109b8d996ab3fa19d
  IONGeolocationLib: 6a7b6f76063fb1b01cfb14fae7d0f526e3c9b271
  OnDeviceVision: 142574e26606742d1dc7f38c5d2a17443990bba7

PODFILE CHECKSUM: d234c331c5e63b285db710f743919359d6889832

COCOAPODS: 1.16.2
